
Microsoft Visual Studio Solution File, Format Version 12.00
# Visual Studio Version 16
VisualStudioVersion = 16.0.29306.81
MinimumVisualStudioVersion = 10.0.40219.1
Project("{FAE04EC0-301F-11D3-BF4B-00C04F79EFBC}") = "ConsoleUI", "ConsoleUI\ConsoleUI.csproj", "{C01673C3-5D2C-42DE-9B64-16927EE5DC2C}"
EndProject
Global
	GlobalSection(SolutionConfigurationPlatforms) = preSolution
		Debug|Any CPU = Debug|Any CPU
		Release|Any CPU = Release|Any CPU
	EndGlobalSection
	GlobalSection(ProjectConfigurationPlatforms) = postSolution
		{C01673C3-5D2C-42DE-9B64-16927EE5DC2C}.Debug|Any CPU.ActiveCfg = Debug|Any CPU
		{C01673C3-5D2C-42DE-9B64-16927EE5DC2C}.Debug|Any CPU.Build.0 = Debug|Any CPU
		{C01673C3-5D2C-42DE-9B64-16927EE5DC2C}.Release|Any CPU.ActiveCfg = Release|Any CPU
		{C01673C3-5D2C-42DE-9B64-16927EE5DC2C}.Release|Any CPU.Build.0 = Release|Any CPU
	EndGlobalSection
	GlobalSection(SolutionProperties) = preSolution
		HideSolutionNode = FALSE
	EndGlobalSection
	GlobalSection(ExtensibilityGlobals) = postSolution
		SolutionGuid = {1DAD7C03-60A5-47CB-8446-42C1BFC205BB}
	EndGlobalSection
EndGlobal
